
Microsoft Visual Studio Solution File, Format Version 12.00
# Visual Studio 15
VisualStudioVersion = 15.0.28010.2048
MinimumVisualStudioVersion = 10.0.40219.1
Project("{FAE04EC0-301F-11D3-BF4B-00C04F79EFBC}") = "testegit", "testegit\testegit.csproj", "{4CB35D4C-BB7B-404E-B30C-2AB3895C2B4C}"
EndProject
Global
	GlobalSection(SolutionConfigurationPlatforms) = preSolution
		Debug|Any CPU = Debug|Any CPU
		Release|Any CPU = Release|Any CPU
	EndGlobalSection
	GlobalSection(ProjectConfigurationPlatforms) = postSolution
		{4CB35D4C-BB7B-404E-B30C-2AB3895C2B4C}.Debug|Any CPU.ActiveCfg = Debug|Any CPU
		{4CB35D4C-BB7B-404E-B30C-2AB3895C2B4C}.Debug|Any CPU.Build.0 = Debug|Any CPU
		{4CB35D4C-BB7B-404E-B30C-2AB3895C2B4C}.Release|Any CPU.ActiveCfg = Release|Any CPU
		{4CB35D4C-BB7B-404E-B30C-2AB3895C2B4C}.Release|Any CPU.Build.0 = Release|Any CPU
	EndGlobalSection
	GlobalSection(SolutionProperties) = preSolution
		HideSolutionNode = FALSE
	EndGlobalSection
	GlobalSection(ExtensibilityGlobals) = postSolution
		SolutionGuid = {13CAD8C5-B2A7-47EC-BD49-A60B83E8793C}
	EndGlobalSection
EndGlobal
